
Microsoft Visual Studio Solution File, Format Version 12.00
# Visual Studio Version 17
VisualStudioVersion = 17.10.34928.147
MinimumVisualStudioVersion = 10.0.40219.1
Project("{FAE04EC0-301F-11D3-BF4B-00C04F79EFBC}") = "TMS_5_Strings.Ver2", "TMS_5_Strings.Ver2.csproj", "{E068ABBB-7ED7-442A-8F8F-3BC28E94E47D}"
EndProject
Global
	GlobalSection(SolutionConfigurationPlatforms) = preSolution
		Debug|Any CPU = Debug|Any CPU
		Release|Any CPU = Release|Any CPU
	EndGlobalSection
	GlobalSection(ProjectConfigurationPlatforms) = postSolution
		{E068ABBB-7ED7-442A-8F8F-3BC28E94E47D}.Debug|Any CPU.ActiveCfg = Debug|Any CPU
		{E068ABBB-7ED7-442A-8F8F-3BC28E94E47D}.Debug|Any CPU.Build.0 = Debug|Any CPU
		{E068ABBB-7ED7-442A-8F8F-3BC28E94E47D}.Release|Any CPU.ActiveCfg = Release|Any CPU
		{E068ABBB-7ED7-442A-8F8F-3BC28E94E47D}.Release|Any CPU.Build.0 = Release|Any CPU
	EndGlobalSection
	GlobalSection(SolutionProperties) = preSolution
		HideSolutionNode = FALSE
	EndGlobalSection
	GlobalSection(ExtensibilityGlobals) = postSolution
		SolutionGuid = {AB01DC9B-2F0C-43C2-8368-C437B82BA137}
	EndGlobalSection
EndGlobal
